# THIS IS AN AUTOGENERATED FILE. DO NOT EDIT THIS FILE DIRECTLY.
# yarn lockfile v1


"@safe-global/safe-singleton-factory@^1.0.19":
  version "1.0.19"
  resolved "https://registry.yarnpkg.com/@safe-global/safe-singleton-factory/-/safe-singleton-factory-1.0.19.tgz#462182528a0b1bb0d212ce6b23fec2573575f1db"
  integrity sha512-TwTmeEpwR+8E8XOWR93cOWK7NbepURpCqr6eOTwwkVZj1hS95Kkd0G2WmP1GokUlMS6xm9BxiIr1gYjOFGp8QQ==
